{
  "pins" : [
    {
      "identity" : "swift-argument-parser",
      "kind" : "remoteSourceControl",
      "location" : "https://github.com/apple/swift-argument-parser",
      "state" : {
        "revision" : "8f4d2753f0e4778c76d5f05ad16c74f707390531",
        "version" : "1.2.3"
      }
    },
    {
      "identity" : "xcodeedit",
      "kind" : "remoteSourceControl",
      "location" : "https://github.com/imindeu/XcodeEdit.git",
      "state" : {
        "branch" : "2.11.1-linuxfix",
        "revision" : "5b92a9cc490d50d33dd43045e2f43071c003ca08"
      }
    }
  ],
  "version" : 2
}
